Microsoft Visual Studio Solution File, Format Version 11.00
# Visual Studio 2008

Project("{F7A26505-9195-4BAF-B5DF-86A83005FA32}") = "damnprison-game", "Assembly-CSharp.csproj", "{5E1007FB-352C-A09C-24CC-6D285472EA10}"
EndProject
Project("{F7A26505-9195-4BAF-B5DF-86A83005FA32}") = "damnprison-game", "Assembly-CSharp-Editor.csproj", "{81B4804E-0223-5FB8-08A8-3EF047FA0B66}"
EndProject
Global
	GlobalSection(SolutionConfigurationPlatforms) = preSolution
		Debug|Any CPU = Debug|Any CPU
		Release|Any CPU = Release|Any CPU
	EndGlobalSection
	GlobalSection(ProjectConfigurationPlatforms) = postSolution
		{5E1007FB-352C-A09C-24CC-6D285472EA10}.Debug|Any CPU.ActiveCfg = Debug|Any CPU
		{5E1007FB-352C-A09C-24CC-6D285472EA10}.Debug|Any CPU.Build.0 = Debug|Any CPU
		{5E1007FB-352C-A09C-24CC-6D285472EA10}.Release|Any CPU.ActiveCfg = Release|Any CPU
		{5E1007FB-352C-A09C-24CC-6D285472EA10}.Release|Any CPU.Build.0 = Release|Any CPU
		{81B4804E-0223-5FB8-08A8-3EF047FA0B66}.Debug|Any CPU.ActiveCfg = Debug|Any CPU
		{81B4804E-0223-5FB8-08A8-3EF047FA0B66}.Debug|Any CPU.Build.0 = Debug|Any CPU
		{81B4804E-0223-5FB8-08A8-3EF047FA0B66}.Release|Any CPU.ActiveCfg = Release|Any CPU
		{81B4804E-0223-5FB8-08A8-3EF047FA0B66}.Release|Any CPU.Build.0 = Release|Any CPU
	EndGlobalSection
	GlobalSection(SolutionProperties) = preSolution
		HideSolutionNode = FALSE
	EndGlobalSection
	GlobalSection(MonoDevelopProperties) = preSolution
		StartupItem = Assembly-CSharp.csproj
	EndGlobalSection
EndGlobal
